
Microsoft Visual Studio Solution File, Format Version 12.00
# Visual Studio Version 17
VisualStudioVersion = 17.11.35303.130
MinimumVisualStudioVersion = 10.0.40219.1
Project("{9A19103F-16F7-4668-BE54-9A1E7A4F7556}") = "GBRGBDump", "GBRGBDump\GBRGBDump.csproj", "{45120111-B20A-4BF4-869F-EB295A47A860}"
EndProject
Project("{9A19103F-16F7-4668-BE54-9A1E7A4F7556}") = "GBTools.Decoder", "GBTools.Decoder\GBTools.Decoder.csproj", "{3CAE273F-BC59-46B9-9B6B-E34797814CCF}"
EndProject
Project("{9A19103F-16F7-4668-BE54-9A1E7A4F7556}") = "GBTools.Common", "GBTools.Common\GBTools.Common.csproj", "{7A8EE4CE-84DA-41C9-97E4-7A4F9639031A}"
EndProject
Project("{9A19103F-16F7-4668-BE54-9A1E7A4F7556}") = "GBTools.Graphics", "GBTools.Graphics\GBTools.Graphics.csproj", "{7E80ADDE-0D43-4BDE-A572-13BA1B66D1F1}"
EndProject
Project("{9A19103F-16F7-4668-BE54-9A1E7A4F7556}") = "GBTools.Bootstrapper", "GBTools.Bootstrapper\GBTools.Bootstrapper.csproj", "{31CA1A35-463D-4AB5-8947-09C36C93529B}"
EndProject
Project("{9A19103F-16F7-4668-BE54-9A1E7A4F7556}") = "GBRGBDump.GUI", "GBRGBDump.GUI\GBRGBDump.GUI.csproj", "{ED42E3A3-8319-4A3F-870B-29CA460E515A}"
EndProject
Project("{9A19103F-16F7-4668-BE54-9A1E7A4F7556}") = "GBRGBDump.Web", "GBRGBDump.Web\GBRGBDump.Web.csproj", "{1704DC98-AC40-42C8-BE6B-4128502895EC}"
EndProject
Project("{9A19103F-16F7-4668-BE54-9A1E7A4F7556}") = "GBRGBDump.Web.GUI", "GBRGBDump.Web.GUI\GBRGBDump.Web.GUI.csproj", "{65D46577-84D8-4842-AE59-F9057BFAF9AF}"
EndProject
Project("{9A19103F-16F7-4668-BE54-9A1E7A4F7556}") = "GBRGBDump.Web.Shared", "GBRGBDump.Web.Shared\GBRGBDump.Web.Shared.csproj", "{8D535F1D-221E-443A-9039-44D06575CF69}"
EndProject
Project("{2150E333-8FDC-42A3-9474-1A3956D46DE8}") = "Console", "Console", "{0BECDC60-6661-4D47-BC88-5AE43D5A7456}"
EndProject
Project("{2150E333-8FDC-42A3-9474-1A3956D46DE8}") = "GUI", "GUI", "{6B0C78D1-A859-46BD-8FB1-4E2580E339EC}"
EndProject
Project("{2150E333-8FDC-42A3-9474-1A3956D46DE8}") = "Web", "Web", "{C760AB78-5E16-4478-965C-65E193584AAC}"
EndProject
Project("{2150E333-8FDC-42A3-9474-1A3956D46DE8}") = "Core", "Core", "{25AD52BC-534B-4F4F-A68B-421198E08D0B}"
EndProject
Global
	GlobalSection(SolutionConfigurationPlatforms) = preSolution
		Debug|Any CPU = Debug|Any CPU
		Release|Any CPU = Release|Any CPU
	EndGlobalSection
	GlobalSection(ProjectConfigurationPlatforms) = postSolution
		{45120111-B20A-4BF4-869F-EB295A47A860}.Debug|Any CPU.ActiveCfg = Debug|Any CPU
		{45120111-B20A-4BF4-869F-EB295A47A860}.Debug|Any CPU.Build.0 = Debug|Any CPU
		{45120111-B20A-4BF4-869F-EB295A47A860}.Release|Any CPU.ActiveCfg = Release|Any CPU
		{45120111-B20A-4BF4-869F-EB295A47A860}.Release|Any CPU.Build.0 = Release|Any CPU
		{3CAE273F-BC59-46B9-9B6B-E34797814CCF}.Debug|Any CPU.ActiveCfg = Debug|Any CPU
		{3CAE273F-BC59-46B9-9B6B-E34797814CCF}.Debug|Any CPU.Build.0 = Debug|Any CPU
		{3CAE273F-BC59-46B9-9B6B-E34797814CCF}.Release|Any CPU.ActiveCfg = Release|Any CPU
		{3CAE273F-BC59-46B9-9B6B-E34797814CCF}.Release|Any CPU.Build.0 = Release|Any CPU
		{7A8EE4CE-84DA-41C9-97E4-7A4F9639031A}.Debug|Any CPU.ActiveCfg = Debug|Any CPU
		{7A8EE4CE-84DA-41C9-97E4-7A4F9639031A}.Debug|Any CPU.Build.0 = Debug|Any CPU
		{7A8EE4CE-84DA-41C9-97E4-7A4F9639031A}.Release|Any CPU.ActiveCfg = Release|Any CPU
		{7A8EE4CE-84DA-41C9-97E4-7A4F9639031A}.Release|Any CPU.Build.0 = Release|Any CPU
		{7E80ADDE-0D43-4BDE-A572-13BA1B66D1F1}.Debug|Any CPU.ActiveCfg = Debug|Any CPU
		{7E80ADDE-0D43-4BDE-A572-13BA1B66D1F1}.Debug|Any CPU.Build.0 = Debug|Any CPU
		{7E80ADDE-0D43-4BDE-A572-13BA1B66D1F1}.Release|Any CPU.ActiveCfg = Release|Any CPU
		{7E80ADDE-0D43-4BDE-A572-13BA1B66D1F1}.Release|Any CPU.Build.0 = Release|Any CPU
		{31CA1A35-463D-4AB5-8947-09C36C93529B}.Debug|Any CPU.ActiveCfg = Debug|Any CPU
		{31CA1A35-463D-4AB5-8947-09C36C93529B}.Debug|Any CPU.Build.0 = Debug|Any CPU
		{31CA1A35-463D-4AB5-8947-09C36C93529B}.Release|Any CPU.ActiveCfg = Release|Any CPU
		{31CA1A35-463D-4AB5-8947-09C36C93529B}.Release|Any CPU.Build.0 = Release|Any CPU
		{ED42E3A3-8319-4A3F-870B-29CA460E515A}.Debug|Any CPU.ActiveCfg = Debug|Any CPU
		{ED42E3A3-8319-4A3F-870B-29CA460E515A}.Debug|Any CPU.Build.0 = Debug|Any CPU
		{ED42E3A3-8319-4A3F-870B-29CA460E515A}.Release|Any CPU.ActiveCfg = Release|Any CPU
		{ED42E3A3-8319-4A3F-870B-29CA460E515A}.Release|Any CPU.Build.0 = Release|Any CPU
		{1704DC98-AC40-42C8-BE6B-4128502895EC}.Debug|Any CPU.ActiveCfg = Debug|Any CPU
		{1704DC98-AC40-42C8-BE6B-4128502895EC}.Debug|Any CPU.Build.0 = Debug|Any CPU
		{1704DC98-AC40-42C8-BE6B-4128502895EC}.Release|Any CPU.ActiveCfg = Release|Any CPU
		{1704DC98-AC40-42C8-BE6B-4128502895EC}.Release|Any CPU.Build.0 = Release|Any CPU
		{65D46577-84D8-4842-AE59-F9057BFAF9AF}.Debug|Any CPU.ActiveCfg = Debug|Any CPU
		{65D46577-84D8-4842-AE59-F9057BFAF9AF}.Debug|Any CPU.Build.0 = Debug|Any CPU
		{65D46577-84D8-4842-AE59-F9057BFAF9AF}.Release|Any CPU.ActiveCfg = Release|Any CPU
		{65D46577-84D8-4842-AE59-F9057BFAF9AF}.Release|Any CPU.Build.0 = Release|Any CPU
		{8D535F1D-221E-443A-9039-44D06575CF69}.Debug|Any CPU.ActiveCfg = Debug|Any CPU
		{8D535F1D-221E-443A-9039-44D06575CF69}.Debug|Any CPU.Build.0 = Debug|Any CPU
		{8D535F1D-221E-443A-9039-44D06575CF69}.Release|Any CPU.ActiveCfg = Release|Any CPU
		{8D535F1D-221E-443A-9039-44D06575CF69}.Release|Any CPU.Build.0 = Release|Any CPU
	EndGlobalSection
	GlobalSection(SolutionProperties) = preSolution
		HideSolutionNode = FALSE
	EndGlobalSection
	GlobalSection(NestedProjects) = preSolution
		{45120111-B20A-4BF4-869F-EB295A47A860} = {0BECDC60-6661-4D47-BC88-5AE43D5A7456}
		{3CAE273F-BC59-46B9-9B6B-E34797814CCF} = {25AD52BC-534B-4F4F-A68B-421198E08D0B}
		{7A8EE4CE-84DA-41C9-97E4-7A4F9639031A} = {25AD52BC-534B-4F4F-A68B-421198E08D0B}
		{7E80ADDE-0D43-4BDE-A572-13BA1B66D1F1} = {25AD52BC-534B-4F4F-A68B-421198E08D0B}
		{31CA1A35-463D-4AB5-8947-09C36C93529B} = {25AD52BC-534B-4F4F-A68B-421198E08D0B}
		{ED42E3A3-8319-4A3F-870B-29CA460E515A} = {6B0C78D1-A859-46BD-8FB1-4E2580E339EC}
		{1704DC98-AC40-42C8-BE6B-4128502895EC} = {C760AB78-5E16-4478-965C-65E193584AAC}
		{65D46577-84D8-4842-AE59-F9057BFAF9AF} = {C760AB78-5E16-4478-965C-65E193584AAC}
		{8D535F1D-221E-443A-9039-44D06575CF69} = {C760AB78-5E16-4478-965C-65E193584AAC}
	EndGlobalSection
	GlobalSection(ExtensibilityGlobals) = postSolution
		SolutionGuid = {001ABDE8-7E97-413E-BDF8-54CCD9E6D8EA}
	EndGlobalSection
EndGlobal
