
Microsoft Visual Studio Solution File, Format Version 12.00
# Visual Studio Version 17
VisualStudioVersion = 17.5.2.0
MinimumVisualStudioVersion = 10.0.40219.1
Project("{FAE04EC0-301F-11D3-BF4B-00C04F79EFBC}") = "GBTools.Graphics", "GBTools.Graphics\GBTools.Graphics.csproj", "{763135E1-7E71-7EEF-CAE5-8CBFC99022DF}"
EndProject
Project("{FAE04EC0-301F-11D3-BF4B-00C04F79EFBC}") = "GBTools.PicNRec.Serial.Console", "GBTools.PicNRec.Serial.Console\GBTools.PicNRec.Serial.Console.csproj", "{5EE68B48-3435-DC88-4FE0-F3FED5B9E8C8}"
EndProject
Project("{FAE04EC0-301F-11D3-BF4B-00C04F79EFBC}") = "GBTools.ImageSharp.GameBoyCamera", "GBTools.ImageSharp.GameBoyCamera\GBTools.ImageSharp.GameBoyCamera.csproj", "{3E85B6AD-F357-FE86-C4C2-D361D2493063}"
EndProject
Project("{FAE04EC0-301F-11D3-BF4B-00C04F79EFBC}") = "GBRGBDump.Web.MultiPlatformGUI", "GBRGBDump.Web.MultiPlatformGUI\GBRGBDump.Web.MultiPlatformGUI.csproj", "{BF9709D6-8075-08D1-508F-C6095E1E65E2}"
EndProject
Project("{FAE04EC0-301F-11D3-BF4B-00C04F79EFBC}") = "GBTools.Decoder", "GBTools.Decoder\GBTools.Decoder.csproj", "{934601CD-EAC2-6988-7222-6BD1740CE60A}"
EndProject
Project("{FAE04EC0-301F-11D3-BF4B-00C04F79EFBC}") = "GBRGBDump.Web.Static", "GBRGBDump.Web.Static\GBRGBDump.Web.Static.csproj", "{D371E8E0-516A-2CF7-B163-6CB171CFAD1A}"
EndProject
Project("{FAE04EC0-301F-11D3-BF4B-00C04F79EFBC}") = "GBTools.Common", "GBTools.Common\GBTools.Common.csproj", "{62B8609C-BE55-FA31-97F2-017FF9B2BAE0}"
EndProject
Project("{FAE04EC0-301F-11D3-BF4B-00C04F79EFBC}") = "GBTools.ImageSharp.GameBoyCamera.Lite", "GBTools.ImageSharp.GameBoyCamera.Lite\GBTools.ImageSharp.GameBoyCamera.Lite.csproj", "{72B522ED-805B-8544-E9F1-72D8899F5A05}"
EndProject
Project("{FAE04EC0-301F-11D3-BF4B-00C04F79EFBC}") = "GBTools.ImageSharp.GameBoyCamera.Tests", "GBTools.ImageSharp.GameBoyCamera.Tests\GBTools.ImageSharp.GameBoyCamera.Tests.csproj", "{D3079A1B-BC60-A296-4BA4-187697DECAE6}"
EndProject
Project("{FAE04EC0-301F-11D3-BF4B-00C04F79EFBC}") = "GBTools.GBxCart.Serial", "GBTools.GBxCart.Serial\GBTools.GBxCart.Serial.csproj", "{BA69D421-89F4-A5E5-ED09-1F746EE12451}"
EndProject
Project("{FAE04EC0-301F-11D3-BF4B-00C04F79EFBC}") = "GBRGBDump.Web", "GBRGBDump.Web\GBRGBDump.Web.csproj", "{5A460EE5-9A02-9020-F8E0-EE04845A6FBE}"
EndProject
Project("{FAE04EC0-301F-11D3-BF4B-00C04F79EFBC}") = "GBRGBDump.Web.Shared", "GBRGBDump.Web.Shared\GBRGBDump.Web.Shared.csproj", "{C37606C5-2463-03EE-C9BF-445D88EA8D06}"
EndProject
Project("{FAE04EC0-301F-11D3-BF4B-00C04F79EFBC}") = "GBRGBDump", "GBRGBDump\GBRGBDump.csproj", "{4E2F351A-7DB0-6B05-9524-4E2EDCA50BBF}"
EndProject
Project("{FAE04EC0-301F-11D3-BF4B-00C04F79EFBC}") = "GBTools.ImageSharp.GameBoyCamera.Avalonia", "GBTools.ImageSharp.GameBoyCamera.Avalonia\GBTools.ImageSharp.GameBoyCamera.Avalonia.csproj", "{D8E6E469-47BC-86E1-F542-652E4F3E9591}"
EndProject
Project("{FAE04EC0-301F-11D3-BF4B-00C04F79EFBC}") = "GBRGBDump.GUI", "GBRGBDump.GUI\GBRGBDump.GUI.csproj", "{163E4B7C-03FF-8B4F-24D7-EA0C35BF1F6B}"
EndProject
Project("{FAE04EC0-301F-11D3-BF4B-00C04F79EFBC}") = "GBTools.PicNRec.Serial", "GBTools.PicNRec.Serial\GBTools.PicNRec.Serial.csproj", "{CF9E4AE8-A718-6586-CDB1-8140DAA66544}"
EndProject
Project("{FAE04EC0-301F-11D3-BF4B-00C04F79EFBC}") = "GBTools.Bootstrapper", "GBTools.Bootstrapper\GBTools.Bootstrapper.csproj", "{4CD648D7-4FC0-12D9-DF24-8DAFB70D0D6D}"
EndProject
Project("{2150E333-8FDC-42A3-9474-1A3956D46DE8}") = "GBRGBDump.Web.GUI (1)", "GBRGBDump.Web.GUI (1)", "{F7FC34E0-01F3-85EB-0921-D0DFFD745FE8}"
EndProject
Project("{FAE04EC0-301F-11D3-BF4B-00C04F79EFBC}") = "GBRGBDump.Web.GUI", "GBRGBDump.Web.GUI\GBRGBDump.Web.GUI.csproj", "{0D06FDF7-B723-CDD1-E59B-FCCCBD86F5A0}"
EndProject
Project("{FAE04EC0-301F-11D3-BF4B-00C04F79EFBC}") = "GBTools.GBxCart.Serial.Console", "GBTools.GBxCart.Serial.Console\GBTools.GBxCart.Serial.Console.csproj", "{BD1B49BC-B36E-C221-E237-83BB05E57F8D}"
EndProject
Project("{FAE04EC0-301F-11D3-BF4B-00C04F79EFBC}") = "GBRGBDump - Backup.Web.GUI", "GBRGBDump.Web.GUI\GBRGBDump - Backup.Web.GUI.csproj", "{25994678-9A23-7E3B-1B96-517E54DAFA68}"
EndProject
Project("{FAE04EC0-301F-11D3-BF4B-00C04F79EFBC}") = "GBTools.PicoGbPrinter.Serial", "GBTools.PicoGbPrinter.Serial\GBTools.PicoGbPrinter.Serial.csproj", "{A001A114-540F-4A29-8560-78AB4FDC6070}"
EndProject
Project("{FAE04EC0-301F-11D3-BF4B-00C04F79EFBC}") = "GBTools.PicoGbPrinter.Serial.Console", "GBTools.PicoGbPrinter.Serial.Console\GBTools.PicoGbPrinter.Serial.Console.csproj", "{1742ADA2-5605-45FC-B99F-E6EDF375861C}"
EndProject
Global
	GlobalSection(SolutionConfigurationPlatforms) = preSolution
		Debug|Any CPU = Debug|Any CPU
		Debug|x64 = Debug|x64
		Debug|x86 = Debug|x86
		Release|Any CPU = Release|Any CPU
		Release|x64 = Release|x64
		Release|x86 = Release|x86
	EndGlobalSection
	GlobalSection(ProjectConfigurationPlatforms) = postSolution
		{763135E1-7E71-7EEF-CAE5-8CBFC99022DF}.Debug|Any CPU.ActiveCfg = Debug|Any CPU
		{763135E1-7E71-7EEF-CAE5-8CBFC99022DF}.Debug|Any CPU.Build.0 = Debug|Any CPU
		{763135E1-7E71-7EEF-CAE5-8CBFC99022DF}.Debug|x64.ActiveCfg = Debug|Any CPU
		{763135E1-7E71-7EEF-CAE5-8CBFC99022DF}.Debug|x64.Build.0 = Debug|Any CPU
		{763135E1-7E71-7EEF-CAE5-8CBFC99022DF}.Debug|x86.ActiveCfg = Debug|Any CPU
		{763135E1-7E71-7EEF-CAE5-8CBFC99022DF}.Debug|x86.Build.0 = Debug|Any CPU
		{763135E1-7E71-7EEF-CAE5-8CBFC99022DF}.Release|Any CPU.ActiveCfg = Release|Any CPU
		{763135E1-7E71-7EEF-CAE5-8CBFC99022DF}.Release|Any CPU.Build.0 = Release|Any CPU
		{763135E1-7E71-7EEF-CAE5-8CBFC99022DF}.Release|x64.ActiveCfg = Release|Any CPU
		{763135E1-7E71-7EEF-CAE5-8CBFC99022DF}.Release|x64.Build.0 = Release|Any CPU
		{763135E1-7E71-7EEF-CAE5-8CBFC99022DF}.Release|x86.ActiveCfg = Release|Any CPU
		{763135E1-7E71-7EEF-CAE5-8CBFC99022DF}.Release|x86.Build.0 = Release|Any CPU
		{5EE68B48-3435-DC88-4FE0-F3FED5B9E8C8}.Debug|Any CPU.ActiveCfg = Debug|Any CPU
		{5EE68B48-3435-DC88-4FE0-F3FED5B9E8C8}.Debug|Any CPU.Build.0 = Debug|Any CPU
		{5EE68B48-3435-DC88-4FE0-F3FED5B9E8C8}.Debug|x64.ActiveCfg = Debug|Any CPU
		{5EE68B48-3435-DC88-4FE0-F3FED5B9E8C8}.Debug|x64.Build.0 = Debug|Any CPU
		{5EE68B48-3435-DC88-4FE0-F3FED5B9E8C8}.Debug|x86.ActiveCfg = Debug|Any CPU
		{5EE68B48-3435-DC88-4FE0-F3FED5B9E8C8}.Debug|x86.Build.0 = Debug|Any CPU
		{5EE68B48-3435-DC88-4FE0-F3FED5B9E8C8}.Release|Any CPU.ActiveCfg = Release|Any CPU
		{5EE68B48-3435-DC88-4FE0-F3FED5B9E8C8}.Release|Any CPU.Build.0 = Release|Any CPU
		{5EE68B48-3435-DC88-4FE0-F3FED5B9E8C8}.Release|x64.ActiveCfg = Release|Any CPU
		{5EE68B48-3435-DC88-4FE0-F3FED5B9E8C8}.Release|x64.Build.0 = Release|Any CPU
		{5EE68B48-3435-DC88-4FE0-F3FED5B9E8C8}.Release|x86.ActiveCfg = Release|Any CPU
		{5EE68B48-3435-DC88-4FE0-F3FED5B9E8C8}.Release|x86.Build.0 = Release|Any CPU
		{3E85B6AD-F357-FE86-C4C2-D361D2493063}.Debug|Any CPU.ActiveCfg = Debug|Any CPU
		{3E85B6AD-F357-FE86-C4C2-D361D2493063}.Debug|Any CPU.Build.0 = Debug|Any CPU
		{3E85B6AD-F357-FE86-C4C2-D361D2493063}.Debug|x64.ActiveCfg = Debug|Any CPU
		{3E85B6AD-F357-FE86-C4C2-D361D2493063}.Debug|x64.Build.0 = Debug|Any CPU
		{3E85B6AD-F357-FE86-C4C2-D361D2493063}.Debug|x86.ActiveCfg = Debug|Any CPU
		{3E85B6AD-F357-FE86-C4C2-D361D2493063}.Debug|x86.Build.0 = Debug|Any CPU
		{3E85B6AD-F357-FE86-C4C2-D361D2493063}.Release|Any CPU.ActiveCfg = Release|Any CPU
		{3E85B6AD-F357-FE86-C4C2-D361D2493063}.Release|Any CPU.Build.0 = Release|Any CPU
		{3E85B6AD-F357-FE86-C4C2-D361D2493063}.Release|x64.ActiveCfg = Release|Any CPU
		{3E85B6AD-F357-FE86-C4C2-D361D2493063}.Release|x64.Build.0 = Release|Any CPU
		{3E85B6AD-F357-FE86-C4C2-D361D2493063}.Release|x86.ActiveCfg = Release|Any CPU
		{3E85B6AD-F357-FE86-C4C2-D361D2493063}.Release|x86.Build.0 = Release|Any CPU
		{BF9709D6-8075-08D1-508F-C6095E1E65E2}.Debug|Any CPU.ActiveCfg = Debug|Any CPU
		{BF9709D6-8075-08D1-508F-C6095E1E65E2}.Debug|Any CPU.Build.0 = Debug|Any CPU
		{BF9709D6-8075-08D1-508F-C6095E1E65E2}.Debug|x64.ActiveCfg = Debug|Any CPU
		{BF9709D6-8075-08D1-508F-C6095E1E65E2}.Debug|x64.Build.0 = Debug|Any CPU
		{BF9709D6-8075-08D1-508F-C6095E1E65E2}.Debug|x86.ActiveCfg = Debug|Any CPU
		{BF9709D6-8075-08D1-508F-C6095E1E65E2}.Debug|x86.Build.0 = Debug|Any CPU
		{BF9709D6-8075-08D1-508F-C6095E1E65E2}.Release|Any CPU.ActiveCfg = Release|Any CPU
		{BF9709D6-8075-08D1-508F-C6095E1E65E2}.Release|Any CPU.Build.0 = Release|Any CPU
		{BF9709D6-8075-08D1-508F-C6095E1E65E2}.Release|x64.ActiveCfg = Release|Any CPU
		{BF9709D6-8075-08D1-508F-C6095E1E65E2}.Release|x64.Build.0 = Release|Any CPU
		{BF9709D6-8075-08D1-508F-C6095E1E65E2}.Release|x86.ActiveCfg = Release|Any CPU
		{BF9709D6-8075-08D1-508F-C6095E1E65E2}.Release|x86.Build.0 = Release|Any CPU
		{934601CD-EAC2-6988-7222-6BD1740CE60A}.Debug|Any CPU.ActiveCfg = Debug|Any CPU
		{934601CD-EAC2-6988-7222-6BD1740CE60A}.Debug|Any CPU.Build.0 = Debug|Any CPU
		{934601CD-EAC2-6988-7222-6BD1740CE60A}.Debug|x64.ActiveCfg = Debug|Any CPU
		{934601CD-EAC2-6988-7222-6BD1740CE60A}.Debug|x64.Build.0 = Debug|Any CPU
		{934601CD-EAC2-6988-7222-6BD1740CE60A}.Debug|x86.ActiveCfg = Debug|Any CPU
		{934601CD-EAC2-6988-7222-6BD1740CE60A}.Debug|x86.Build.0 = Debug|Any CPU
		{934601CD-EAC2-6988-7222-6BD1740CE60A}.Release|Any CPU.ActiveCfg = Release|Any CPU
		{934601CD-EAC2-6988-7222-6BD1740CE60A}.Release|Any CPU.Build.0 = Release|Any CPU
		{934601CD-EAC2-6988-7222-6BD1740CE60A}.Release|x64.ActiveCfg = Release|Any CPU
		{934601CD-EAC2-6988-7222-6BD1740CE60A}.Release|x64.Build.0 = Release|Any CPU
		{934601CD-EAC2-6988-7222-6BD1740CE60A}.Release|x86.ActiveCfg = Release|Any CPU
		{934601CD-EAC2-6988-7222-6BD1740CE60A}.Release|x86.Build.0 = Release|Any CPU
		{D371E8E0-516A-2CF7-B163-6CB171CFAD1A}.Debug|Any CPU.ActiveCfg = Debug|Any CPU
		{D371E8E0-516A-2CF7-B163-6CB171CFAD1A}.Debug|Any CPU.Build.0 = Debug|Any CPU
		{D371E8E0-516A-2CF7-B163-6CB171CFAD1A}.Debug|x64.ActiveCfg = Debug|Any CPU
		{D371E8E0-516A-2CF7-B163-6CB171CFAD1A}.Debug|x64.Build.0 = Debug|Any CPU
		{D371E8E0-516A-2CF7-B163-6CB171CFAD1A}.Debug|x86.ActiveCfg = Debug|Any CPU
		{D371E8E0-516A-2CF7-B163-6CB171CFAD1A}.Debug|x86.Build.0 = Debug|Any CPU
		{D371E8E0-516A-2CF7-B163-6CB171CFAD1A}.Release|Any CPU.ActiveCfg = Release|Any CPU
		{D371E8E0-516A-2CF7-B163-6CB171CFAD1A}.Release|Any CPU.Build.0 = Release|Any CPU
		{D371E8E0-516A-2CF7-B163-6CB171CFAD1A}.Release|x64.ActiveCfg = Release|Any CPU
		{D371E8E0-516A-2CF7-B163-6CB171CFAD1A}.Release|x64.Build.0 = Release|Any CPU
		{D371E8E0-516A-2CF7-B163-6CB171CFAD1A}.Release|x86.ActiveCfg = Release|Any CPU
		{D371E8E0-516A-2CF7-B163-6CB171CFAD1A}.Release|x86.Build.0 = Release|Any CPU
		{62B8609C-BE55-FA31-97F2-017FF9B2BAE0}.Debug|Any CPU.ActiveCfg = Debug|Any CPU
		{62B8609C-BE55-FA31-97F2-017FF9B2BAE0}.Debug|Any CPU.Build.0 = Debug|Any CPU
		{62B8609C-BE55-FA31-97F2-017FF9B2BAE0}.Debug|x64.ActiveCfg = Debug|Any CPU
		{62B8609C-BE55-FA31-97F2-017FF9B2BAE0}.Debug|x64.Build.0 = Debug|Any CPU
		{62B8609C-BE55-FA31-97F2-017FF9B2BAE0}.Debug|x86.ActiveCfg = Debug|Any CPU
		{62B8609C-BE55-FA31-97F2-017FF9B2BAE0}.Debug|x86.Build.0 = Debug|Any CPU
		{62B8609C-BE55-FA31-97F2-017FF9B2BAE0}.Release|Any CPU.ActiveCfg = Release|Any CPU
		{62B8609C-BE55-FA31-97F2-017FF9B2BAE0}.Release|Any CPU.Build.0 = Release|Any CPU
		{62B8609C-BE55-FA31-97F2-017FF9B2BAE0}.Release|x64.ActiveCfg = Release|Any CPU
		{62B8609C-BE55-FA31-97F2-017FF9B2BAE0}.Release|x64.Build.0 = Release|Any CPU
		{62B8609C-BE55-FA31-97F2-017FF9B2BAE0}.Release|x86.ActiveCfg = Release|Any CPU
		{62B8609C-BE55-FA31-97F2-017FF9B2BAE0}.Release|x86.Build.0 = Release|Any CPU
		{72B522ED-805B-8544-E9F1-72D8899F5A05}.Debug|Any CPU.ActiveCfg = Debug|Any CPU
		{72B522ED-805B-8544-E9F1-72D8899F5A05}.Debug|Any CPU.Build.0 = Debug|Any CPU
		{72B522ED-805B-8544-E9F1-72D8899F5A05}.Debug|x64.ActiveCfg = Debug|Any CPU
		{72B522ED-805B-8544-E9F1-72D8899F5A05}.Debug|x64.Build.0 = Debug|Any CPU
		{72B522ED-805B-8544-E9F1-72D8899F5A05}.Debug|x86.ActiveCfg = Debug|Any CPU
		{72B522ED-805B-8544-E9F1-72D8899F5A05}.Debug|x86.Build.0 = Debug|Any CPU
		{72B522ED-805B-8544-E9F1-72D8899F5A05}.Release|Any CPU.ActiveCfg = Release|Any CPU
		{72B522ED-805B-8544-E9F1-72D8899F5A05}.Release|Any CPU.Build.0 = Release|Any CPU
		{72B522ED-805B-8544-E9F1-72D8899F5A05}.Release|x64.ActiveCfg = Release|Any CPU
		{72B522ED-805B-8544-E9F1-72D8899F5A05}.Release|x64.Build.0 = Release|Any CPU
		{72B522ED-805B-8544-E9F1-72D8899F5A05}.Release|x86.ActiveCfg = Release|Any CPU
		{72B522ED-805B-8544-E9F1-72D8899F5A05}.Release|x86.Build.0 = Release|Any CPU
		{D3079A1B-BC60-A296-4BA4-187697DECAE6}.Debug|Any CPU.ActiveCfg = Debug|Any CPU
		{D3079A1B-BC60-A296-4BA4-187697DECAE6}.Debug|Any CPU.Build.0 = Debug|Any CPU
		{D3079A1B-BC60-A296-4BA4-187697DECAE6}.Debug|x64.ActiveCfg = Debug|Any CPU
		{D3079A1B-BC60-A296-4BA4-187697DECAE6}.Debug|x64.Build.0 = Debug|Any CPU
		{D3079A1B-BC60-A296-4BA4-187697DECAE6}.Debug|x86.ActiveCfg = Debug|Any CPU
		{D3079A1B-BC60-A296-4BA4-187697DECAE6}.Debug|x86.Build.0 = Debug|Any CPU
		{D3079A1B-BC60-A296-4BA4-187697DECAE6}.Release|Any CPU.ActiveCfg = Release|Any CPU
		{D3079A1B-BC60-A296-4BA4-187697DECAE6}.Release|Any CPU.Build.0 = Release|Any CPU
		{D3079A1B-BC60-A296-4BA4-187697DECAE6}.Release|x64.ActiveCfg = Release|Any CPU
		{D3079A1B-BC60-A296-4BA4-187697DECAE6}.Release|x64.Build.0 = Release|Any CPU
		{D3079A1B-BC60-A296-4BA4-187697DECAE6}.Release|x86.ActiveCfg = Release|Any CPU
		{D3079A1B-BC60-A296-4BA4-187697DECAE6}.Release|x86.Build.0 = Release|Any CPU
		{BA69D421-89F4-A5E5-ED09-1F746EE12451}.Debug|Any CPU.ActiveCfg = Debug|Any CPU
		{BA69D421-89F4-A5E5-ED09-1F746EE12451}.Debug|Any CPU.Build.0 = Debug|Any CPU
		{BA69D421-89F4-A5E5-ED09-1F746EE12451}.Debug|x64.ActiveCfg = Debug|Any CPU
		{BA69D421-89F4-A5E5-ED09-1F746EE12451}.Debug|x64.Build.0 = Debug|Any CPU
		{BA69D421-89F4-A5E5-ED09-1F746EE12451}.Debug|x86.ActiveCfg = Debug|Any CPU
		{BA69D421-89F4-A5E5-ED09-1F746EE12451}.Debug|x86.Build.0 = Debug|Any CPU
		{BA69D421-89F4-A5E5-ED09-1F746EE12451}.Release|Any CPU.ActiveCfg = Release|Any CPU
		{BA69D421-89F4-A5E5-ED09-1F746EE12451}.Release|Any CPU.Build.0 = Release|Any CPU
		{BA69D421-89F4-A5E5-ED09-1F746EE12451}.Release|x64.ActiveCfg = Release|Any CPU
		{BA69D421-89F4-A5E5-ED09-1F746EE12451}.Release|x64.Build.0 = Release|Any CPU
		{BA69D421-89F4-A5E5-ED09-1F746EE12451}.Release|x86.ActiveCfg = Release|Any CPU
		{BA69D421-89F4-A5E5-ED09-1F746EE12451}.Release|x86.Build.0 = Release|Any CPU
		{5A460EE5-9A02-9020-F8E0-EE04845A6FBE}.Debug|Any CPU.ActiveCfg = Debug|Any CPU
		{5A460EE5-9A02-9020-F8E0-EE04845A6FBE}.Debug|Any CPU.Build.0 = Debug|Any CPU
		{5A460EE5-9A02-9020-F8E0-EE04845A6FBE}.Debug|x64.ActiveCfg = Debug|Any CPU
		{5A460EE5-9A02-9020-F8E0-EE04845A6FBE}.Debug|x64.Build.0 = Debug|Any CPU
		{5A460EE5-9A02-9020-F8E0-EE04845A6FBE}.Debug|x86.ActiveCfg = Debug|Any CPU
		{5A460EE5-9A02-9020-F8E0-EE04845A6FBE}.Debug|x86.Build.0 = Debug|Any CPU
		{5A460EE5-9A02-9020-F8E0-EE04845A6FBE}.Release|Any CPU.ActiveCfg = Release|Any CPU
		{5A460EE5-9A02-9020-F8E0-EE04845A6FBE}.Release|Any CPU.Build.0 = Release|Any CPU
		{5A460EE5-9A02-9020-F8E0-EE04845A6FBE}.Release|x64.ActiveCfg = Release|Any CPU
		{5A460EE5-9A02-9020-F8E0-EE04845A6FBE}.Release|x64.Build.0 = Release|Any CPU
		{5A460EE5-9A02-9020-F8E0-EE04845A6FBE}.Release|x86.ActiveCfg = Release|Any CPU
		{5A460EE5-9A02-9020-F8E0-EE04845A6FBE}.Release|x86.Build.0 = Release|Any CPU
		{C37606C5-2463-03EE-C9BF-445D88EA8D06}.Debug|Any CPU.ActiveCfg = Debug|Any CPU
		{C37606C5-2463-03EE-C9BF-445D88EA8D06}.Debug|Any CPU.Build.0 = Debug|Any CPU
		{C37606C5-2463-03EE-C9BF-445D88EA8D06}.Debug|x64.ActiveCfg = Debug|Any CPU
		{C37606C5-2463-03EE-C9BF-445D88EA8D06}.Debug|x64.Build.0 = Debug|Any CPU
		{C37606C5-2463-03EE-C9BF-445D88EA8D06}.Debug|x86.ActiveCfg = Debug|Any CPU
		{C37606C5-2463-03EE-C9BF-445D88EA8D06}.Debug|x86.Build.0 = Debug|Any CPU
		{C37606C5-2463-03EE-C9BF-445D88EA8D06}.Release|Any CPU.ActiveCfg = Release|Any CPU
		{C37606C5-2463-03EE-C9BF-445D88EA8D06}.Release|Any CPU.Build.0 = Release|Any CPU
		{C37606C5-2463-03EE-C9BF-445D88EA8D06}.Release|x64.ActiveCfg = Release|Any CPU
		{C37606C5-2463-03EE-C9BF-445D88EA8D06}.Release|x64.Build.0 = Release|Any CPU
		{C37606C5-2463-03EE-C9BF-445D88EA8D06}.Release|x86.ActiveCfg = Release|Any CPU
		{C37606C5-2463-03EE-C9BF-445D88EA8D06}.Release|x86.Build.0 = Release|Any CPU
		{4E2F351A-7DB0-6B05-9524-4E2EDCA50BBF}.Debug|Any CPU.ActiveCfg = Debug|Any CPU
		{4E2F351A-7DB0-6B05-9524-4E2EDCA50BBF}.Debug|Any CPU.Build.0 = Debug|Any CPU
		{4E2F351A-7DB0-6B05-9524-4E2EDCA50BBF}.Debug|x64.ActiveCfg = Debug|Any CPU
		{4E2F351A-7DB0-6B05-9524-4E2EDCA50BBF}.Debug|x64.Build.0 = Debug|Any CPU
		{4E2F351A-7DB0-6B05-9524-4E2EDCA50BBF}.Debug|x86.ActiveCfg = Debug|Any CPU
		{4E2F351A-7DB0-6B05-9524-4E2EDCA50BBF}.Debug|x86.Build.0 = Debug|Any CPU
		{4E2F351A-7DB0-6B05-9524-4E2EDCA50BBF}.Release|Any CPU.ActiveCfg = Release|Any CPU
		{4E2F351A-7DB0-6B05-9524-4E2EDCA50BBF}.Release|Any CPU.Build.0 = Release|Any CPU
		{4E2F351A-7DB0-6B05-9524-4E2EDCA50BBF}.Release|x64.ActiveCfg = Release|Any CPU
		{4E2F351A-7DB0-6B05-9524-4E2EDCA50BBF}.Release|x64.Build.0 = Release|Any CPU
		{4E2F351A-7DB0-6B05-9524-4E2EDCA50BBF}.Release|x86.ActiveCfg = Release|Any CPU
		{4E2F351A-7DB0-6B05-9524-4E2EDCA50BBF}.Release|x86.Build.0 = Release|Any CPU
		{D8E6E469-47BC-86E1-F542-652E4F3E9591}.Debug|Any CPU.ActiveCfg = Debug|Any CPU
		{D8E6E469-47BC-86E1-F542-652E4F3E9591}.Debug|Any CPU.Build.0 = Debug|Any CPU
		{D8E6E469-47BC-86E1-F542-652E4F3E9591}.Debug|x64.ActiveCfg = Debug|Any CPU
		{D8E6E469-47BC-86E1-F542-652E4F3E9591}.Debug|x64.Build.0 = Debug|Any CPU
		{D8E6E469-47BC-86E1-F542-652E4F3E9591}.Debug|x86.ActiveCfg = Debug|Any CPU
		{D8E6E469-47BC-86E1-F542-652E4F3E9591}.Debug|x86.Build.0 = Debug|Any CPU
		{D8E6E469-47BC-86E1-F542-652E4F3E9591}.Release|Any CPU.ActiveCfg = Release|Any CPU
		{D8E6E469-47BC-86E1-F542-652E4F3E9591}.Release|Any CPU.Build.0 = Release|Any CPU
		{D8E6E469-47BC-86E1-F542-652E4F3E9591}.Release|x64.ActiveCfg = Release|Any CPU
		{D8E6E469-47BC-86E1-F542-652E4F3E9591}.Release|x64.Build.0 = Release|Any CPU
		{D8E6E469-47BC-86E1-F542-652E4F3E9591}.Release|x86.ActiveCfg = Release|Any CPU
		{D8E6E469-47BC-86E1-F542-652E4F3E9591}.Release|x86.Build.0 = Release|Any CPU
		{163E4B7C-03FF-8B4F-24D7-EA0C35BF1F6B}.Debug|Any CPU.ActiveCfg = Debug|Any CPU
		{163E4B7C-03FF-8B4F-24D7-EA0C35BF1F6B}.Debug|Any CPU.Build.0 = Debug|Any CPU
		{163E4B7C-03FF-8B4F-24D7-EA0C35BF1F6B}.Debug|x64.ActiveCfg = Debug|Any CPU
		{163E4B7C-03FF-8B4F-24D7-EA0C35BF1F6B}.Debug|x64.Build.0 = Debug|Any CPU
		{163E4B7C-03FF-8B4F-24D7-EA0C35BF1F6B}.Debug|x86.ActiveCfg = Debug|Any CPU
		{163E4B7C-03FF-8B4F-24D7-EA0C35BF1F6B}.Debug|x86.Build.0 = Debug|Any CPU
		{163E4B7C-03FF-8B4F-24D7-EA0C35BF1F6B}.Release|Any CPU.ActiveCfg = Release|Any CPU
		{163E4B7C-03FF-8B4F-24D7-EA0C35BF1F6B}.Release|Any CPU.Build.0 = Release|Any CPU
		{163E4B7C-03FF-8B4F-24D7-EA0C35BF1F6B}.Release|x64.ActiveCfg = Release|Any CPU
		{163E4B7C-03FF-8B4F-24D7-EA0C35BF1F6B}.Release|x64.Build.0 = Release|Any CPU
		{163E4B7C-03FF-8B4F-24D7-EA0C35BF1F6B}.Release|x86.ActiveCfg = Release|Any CPU
		{163E4B7C-03FF-8B4F-24D7-EA0C35BF1F6B}.Release|x86.Build.0 = Release|Any CPU
		{CF9E4AE8-A718-6586-CDB1-8140DAA66544}.Debug|Any CPU.ActiveCfg = Debug|Any CPU
		{CF9E4AE8-A718-6586-CDB1-8140DAA66544}.Debug|Any CPU.Build.0 = Debug|Any CPU
		{CF9E4AE8-A718-6586-CDB1-8140DAA66544}.Debug|x64.ActiveCfg = Debug|Any CPU
		{CF9E4AE8-A718-6586-CDB1-8140DAA66544}.Debug|x64.Build.0 = Debug|Any CPU
		{CF9E4AE8-A718-6586-CDB1-8140DAA66544}.Debug|x86.ActiveCfg = Debug|Any CPU
		{CF9E4AE8-A718-6586-CDB1-8140DAA66544}.Debug|x86.Build.0 = Debug|Any CPU
		{CF9E4AE8-A718-6586-CDB1-8140DAA66544}.Release|Any CPU.ActiveCfg = Release|Any CPU
		{CF9E4AE8-A718-6586-CDB1-8140DAA66544}.Release|Any CPU.Build.0 = Release|Any CPU
		{CF9E4AE8-A718-6586-CDB1-8140DAA66544}.Release|x64.ActiveCfg = Release|Any CPU
		{CF9E4AE8-A718-6586-CDB1-8140DAA66544}.Release|x64.Build.0 = Release|Any CPU
		{CF9E4AE8-A718-6586-CDB1-8140DAA66544}.Release|x86.ActiveCfg = Release|Any CPU
		{CF9E4AE8-A718-6586-CDB1-8140DAA66544}.Release|x86.Build.0 = Release|Any CPU
		{4CD648D7-4FC0-12D9-DF24-8DAFB70D0D6D}.Debug|Any CPU.ActiveCfg = Debug|Any CPU
		{4CD648D7-4FC0-12D9-DF24-8DAFB70D0D6D}.Debug|Any CPU.Build.0 = Debug|Any CPU
		{4CD648D7-4FC0-12D9-DF24-8DAFB70D0D6D}.Debug|x64.ActiveCfg = Debug|Any CPU
		{4CD648D7-4FC0-12D9-DF24-8DAFB70D0D6D}.Debug|x64.Build.0 = Debug|Any CPU
		{4CD648D7-4FC0-12D9-DF24-8DAFB70D0D6D}.Debug|x86.ActiveCfg = Debug|Any CPU
		{4CD648D7-4FC0-12D9-DF24-8DAFB70D0D6D}.Debug|x86.Build.0 = Debug|Any CPU
		{4CD648D7-4FC0-12D9-DF24-8DAFB70D0D6D}.Release|Any CPU.ActiveCfg = Release|Any CPU
		{4CD648D7-4FC0-12D9-DF24-8DAFB70D0D6D}.Release|Any CPU.Build.0 = Release|Any CPU
		{4CD648D7-4FC0-12D9-DF24-8DAFB70D0D6D}.Release|x64.ActiveCfg = Release|Any CPU
		{4CD648D7-4FC0-12D9-DF24-8DAFB70D0D6D}.Release|x64.Build.0 = Release|Any CPU
		{4CD648D7-4FC0-12D9-DF24-8DAFB70D0D6D}.Release|x86.ActiveCfg = Release|Any CPU
		{4CD648D7-4FC0-12D9-DF24-8DAFB70D0D6D}.Release|x86.Build.0 = Release|Any CPU
		{0D06FDF7-B723-CDD1-E59B-FCCCBD86F5A0}.Debug|Any CPU.ActiveCfg = Debug|Any CPU
		{0D06FDF7-B723-CDD1-E59B-FCCCBD86F5A0}.Debug|Any CPU.Build.0 = Debug|Any CPU
		{0D06FDF7-B723-CDD1-E59B-FCCCBD86F5A0}.Debug|x64.ActiveCfg = Debug|Any CPU
		{0D06FDF7-B723-CDD1-E59B-FCCCBD86F5A0}.Debug|x64.Build.0 = Debug|Any CPU
		{0D06FDF7-B723-CDD1-E59B-FCCCBD86F5A0}.Debug|x86.ActiveCfg = Debug|Any CPU
		{0D06FDF7-B723-CDD1-E59B-FCCCBD86F5A0}.Debug|x86.Build.0 = Debug|Any CPU
		{0D06FDF7-B723-CDD1-E59B-FCCCBD86F5A0}.Release|Any CPU.ActiveCfg = Release|Any CPU
		{0D06FDF7-B723-CDD1-E59B-FCCCBD86F5A0}.Release|Any CPU.Build.0 = Release|Any CPU
		{0D06FDF7-B723-CDD1-E59B-FCCCBD86F5A0}.Release|x64.ActiveCfg = Release|Any CPU
		{0D06FDF7-B723-CDD1-E59B-FCCCBD86F5A0}.Release|x64.Build.0 = Release|Any CPU
		{0D06FDF7-B723-CDD1-E59B-FCCCBD86F5A0}.Release|x86.ActiveCfg = Release|Any CPU
		{0D06FDF7-B723-CDD1-E59B-FCCCBD86F5A0}.Release|x86.Build.0 = Release|Any CPU
		{BD1B49BC-B36E-C221-E237-83BB05E57F8D}.Debug|Any CPU.ActiveCfg = Debug|Any CPU
		{BD1B49BC-B36E-C221-E237-83BB05E57F8D}.Debug|Any CPU.Build.0 = Debug|Any CPU
		{BD1B49BC-B36E-C221-E237-83BB05E57F8D}.Debug|x64.ActiveCfg = Debug|Any CPU
		{BD1B49BC-B36E-C221-E237-83BB05E57F8D}.Debug|x64.Build.0 = Debug|Any CPU
		{BD1B49BC-B36E-C221-E237-83BB05E57F8D}.Debug|x86.ActiveCfg = Debug|Any CPU
		{BD1B49BC-B36E-C221-E237-83BB05E57F8D}.Debug|x86.Build.0 = Debug|Any CPU
		{BD1B49BC-B36E-C221-E237-83BB05E57F8D}.Release|Any CPU.ActiveCfg = Release|Any CPU
		{BD1B49BC-B36E-C221-E237-83BB05E57F8D}.Release|Any CPU.Build.0 = Release|Any CPU
		{BD1B49BC-B36E-C221-E237-83BB05E57F8D}.Release|x64.ActiveCfg = Release|Any CPU
		{BD1B49BC-B36E-C221-E237-83BB05E57F8D}.Release|x64.Build.0 = Release|Any CPU
		{BD1B49BC-B36E-C221-E237-83BB05E57F8D}.Release|x86.ActiveCfg = Release|Any CPU
		{BD1B49BC-B36E-C221-E237-83BB05E57F8D}.Release|x86.Build.0 = Release|Any CPU
		{25994678-9A23-7E3B-1B96-517E54DAFA68}.Debug|Any CPU.ActiveCfg = Debug|Any CPU
		{25994678-9A23-7E3B-1B96-517E54DAFA68}.Debug|Any CPU.Build.0 = Debug|Any CPU
		{25994678-9A23-7E3B-1B96-517E54DAFA68}.Debug|x64.ActiveCfg = Debug|Any CPU
		{25994678-9A23-7E3B-1B96-517E54DAFA68}.Debug|x64.Build.0 = Debug|Any CPU
		{25994678-9A23-7E3B-1B96-517E54DAFA68}.Debug|x86.ActiveCfg = Debug|Any CPU
		{25994678-9A23-7E3B-1B96-517E54DAFA68}.Debug|x86.Build.0 = Debug|Any CPU
		{25994678-9A23-7E3B-1B96-517E54DAFA68}.Release|Any CPU.ActiveCfg = Release|Any CPU
		{25994678-9A23-7E3B-1B96-517E54DAFA68}.Release|Any CPU.Build.0 = Release|Any CPU
		{25994678-9A23-7E3B-1B96-517E54DAFA68}.Release|x64.ActiveCfg = Release|Any CPU
		{25994678-9A23-7E3B-1B96-517E54DAFA68}.Release|x64.Build.0 = Release|Any CPU
		{25994678-9A23-7E3B-1B96-517E54DAFA68}.Release|x86.ActiveCfg = Release|Any CPU
		{25994678-9A23-7E3B-1B96-517E54DAFA68}.Release|x86.Build.0 = Release|Any CPU
		{A001A114-540F-4A29-8560-78AB4FDC6070}.Debug|Any CPU.ActiveCfg = Debug|Any CPU
		{A001A114-540F-4A29-8560-78AB4FDC6070}.Debug|Any CPU.Build.0 = Debug|Any CPU
		{A001A114-540F-4A29-8560-78AB4FDC6070}.Debug|x64.ActiveCfg = Debug|Any CPU
		{A001A114-540F-4A29-8560-78AB4FDC6070}.Debug|x64.Build.0 = Debug|Any CPU
		{A001A114-540F-4A29-8560-78AB4FDC6070}.Debug|x86.ActiveCfg = Debug|Any CPU
		{A001A114-540F-4A29-8560-78AB4FDC6070}.Debug|x86.Build.0 = Debug|Any CPU
		{A001A114-540F-4A29-8560-78AB4FDC6070}.Release|Any CPU.ActiveCfg = Release|Any CPU
		{A001A114-540F-4A29-8560-78AB4FDC6070}.Release|Any CPU.Build.0 = Release|Any CPU
		{A001A114-540F-4A29-8560-78AB4FDC6070}.Release|x64.ActiveCfg = Release|Any CPU
		{A001A114-540F-4A29-8560-78AB4FDC6070}.Release|x64.Build.0 = Release|Any CPU
		{A001A114-540F-4A29-8560-78AB4FDC6070}.Release|x86.ActiveCfg = Release|Any CPU
		{A001A114-540F-4A29-8560-78AB4FDC6070}.Release|x86.Build.0 = Release|Any CPU
		{1742ADA2-5605-45FC-B99F-E6EDF375861C}.Debug|Any CPU.ActiveCfg = Debug|Any CPU
		{1742ADA2-5605-45FC-B99F-E6EDF375861C}.Debug|Any CPU.Build.0 = Debug|Any CPU
		{1742ADA2-5605-45FC-B99F-E6EDF375861C}.Debug|x64.ActiveCfg = Debug|Any CPU
		{1742ADA2-5605-45FC-B99F-E6EDF375861C}.Debug|x64.Build.0 = Debug|Any CPU
		{1742ADA2-5605-45FC-B99F-E6EDF375861C}.Debug|x86.ActiveCfg = Debug|Any CPU
		{1742ADA2-5605-45FC-B99F-E6EDF375861C}.Debug|x86.Build.0 = Debug|Any CPU
		{1742ADA2-5605-45FC-B99F-E6EDF375861C}.Release|Any CPU.ActiveCfg = Release|Any CPU
		{1742ADA2-5605-45FC-B99F-E6EDF375861C}.Release|Any CPU.Build.0 = Release|Any CPU
		{1742ADA2-5605-45FC-B99F-E6EDF375861C}.Release|x64.ActiveCfg = Release|Any CPU
		{1742ADA2-5605-45FC-B99F-E6EDF375861C}.Release|x64.Build.0 = Release|Any CPU
		{1742ADA2-5605-45FC-B99F-E6EDF375861C}.Release|x86.ActiveCfg = Release|Any CPU
		{1742ADA2-5605-45FC-B99F-E6EDF375861C}.Release|x86.Build.0 = Release|Any CPU
	EndGlobalSection
	GlobalSection(SolutionProperties) = preSolution
		HideSolutionNode = FALSE
	EndGlobalSection
	GlobalSection(NestedProjects) = preSolution
		{25994678-9A23-7E3B-1B96-517E54DAFA68} = {F7FC34E0-01F3-85EB-0921-D0DFFD745FE8}
	EndGlobalSection
	GlobalSection(ExtensibilityGlobals) = postSolution
		SolutionGuid = {D57A7493-BD63-4BFA-AD9D-6A7E53FA65F6}
	EndGlobalSection
EndGlobal
