{
  "version": 1,
  "dependencies": {
    "net9.0": {
      "SixLabors.ImageSharp": {
        "type": "Direct",
        "requested": "[3.1.6, )",
        "resolved": "3.1.6",
        "contentHash": "dHQ5jugF9v+5/LCVHCWVzaaIL6WOehqJy6eju/0VFYFPEj2WtqkGPoEV9EVQP83dHsdoqYaTuWpZdwAd37UwfA=="
      },
      "SixLabors.ImageSharp.Drawing": {
        "type": "Direct",
        "requested": "[2.1.5, )",
        "resolved": "2.1.5",
        "contentHash": "cER1JfvshYDmTxw+gUy/x5e1xoNWhrD6s3AFf8rRUx9hWSXYdOFreQfUrM/QooMj0rF7+hkVtvGnV3EdMx4dxA==",
        "dependencies": {
          "SixLabors.Fonts": "2.0.8",
          "SixLabors.ImageSharp": "3.1.6"
        }
      },
      "SkiaSharp": {
        "type": "Direct",
        "requested": "[3.116.1, )",
        "resolved": "3.116.1",
        "contentHash": "DNDwbRjP+aMo27dV2h/uHCVTcWubWWxHnPLiePNyl24f4Pv43mQ8AQQeseOrKR+J3AOCEs6t0sUjo0aa3j3RWQ==",
        "dependencies": {
          "SkiaSharp.NativeAssets.Win32": "3.116.1",
          "SkiaSharp.NativeAssets.macOS": "3.116.1"
        }
      },
      "Ben.Demystifier": {
        "type": "Transitive",
        "resolved": "0.4.1",
        "contentHash": "axFeEMfmEORy3ipAzOXG/lE+KcNptRbei3F0C4kQCdeiQtW+qJW90K5iIovITGrdLt8AjhNCwk5qLSX9/rFpoA==",
        "dependencies": {
          "System.Reflection.Metadata": "5.0.0"
        }
      },
      "SixLabors.Fonts": {
        "type": "Transitive",
        "resolved": "2.0.8",
        "contentHash": "psTLKJVKaD8PKm+Bz/mSSNo4m0VCTYoJ97TF/ynxEWkn4sFUipI0rzE2V/KBtfU0TOn/gF/+1XBOEvusGZZMhA=="
      },
      "SkiaSharp.NativeAssets.macOS": {
        "type": "Transitive",
        "resolved": "3.116.1",
        "contentHash": "3KPvpKysDmEMt0NnAZPX5U6KFk0LmG/72/IjAIJemIksIZ0Tjs9pGpr3L+zboVCv1MLVoJLKl3nJDXUG6Jda6A=="
      },
      "SkiaSharp.NativeAssets.Win32": {
        "type": "Transitive",
        "resolved": "3.116.1",
        "contentHash": "dRQ75MCI8oz6zAs2Y1w6pq6ARs4MhdNG+gf3doOxOxdnueDXffQLGQIxON54GDoxc0WjKOoHMKBR4DhaduwwQw=="
      },
      "System.Reflection.Metadata": {
        "type": "Transitive",
        "resolved": "5.0.0",
        "contentHash": "5NecZgXktdGg34rh1OenY1rFNDCI8xSjFr+Z4OU4cU06AQHUdRnIIEeWENu3Wl4YowbzkymAIMvi3WyK9U53pQ=="
      },
      "gbtools.common": {
        "type": "Project",
        "dependencies": {
          "Ben.Demystifier": "[0.4.1, )"
        }
      }
    }
  }
}