{
  "version": 1,
  "dependencies": {
    "net9.0": {
      "Blazorise.Bootstrap5": {
        "type": "Direct",
        "requested": "[1.7.2, )",
        "resolved": "1.7.2",
        "contentHash": "QE/LyRgNM7s0ES+P/N0ujuljNdp5+F2ZUaPDkAUcv/hA9k06LlcGn19WMiY4wwTbxqSGtxbJM2hbe6t7RKtIvA==",
        "dependencies": {
          "Blazorise": "1.7.2",
          "Microsoft.AspNetCore.Components": "9.0.0",
          "Microsoft.AspNetCore.Components.Web": "9.0.0",
          "Microsoft.Extensions.Logging.Abstractions": "9.0.0"
        }
      },
      "Blazorise.Components": {
        "type": "Direct",
        "requested": "[1.7.2, )",
        "resolved": "1.7.2",
        "contentHash": "AJjsWTzL04biJyX0/fg+TO0RJ0Kd050j+YvVLWD6SreXRUnBhuBejoj1Kjr5XQOx/mK89rkVRB8pe6cYCvLBqQ==",
        "dependencies": {
          "Blazorise": "1.7.2",
          "Blazorise.Snackbar": "1.7.2",
          "Microsoft.AspNetCore.Components": "9.0.0",
          "Microsoft.AspNetCore.Components.Web": "9.0.0",
          "Microsoft.Extensions.Logging.Abstractions": "9.0.0"
        }
      },
      "Blazorise.Icons.FontAwesome": {
        "type": "Direct",
        "requested": "[1.7.2, )",
        "resolved": "1.7.2",
        "contentHash": "iaMohqWRFBsNu/hdXB2JnKx4/QListRXtZkNpFtIMXqo41oLVcFbKmRbaP3Gsc72DM5wqyPutPUNWVv1uNcTww==",
        "dependencies": {
          "Blazorise": "1.7.2",
          "Microsoft.AspNetCore.Components": "9.0.0",
          "Microsoft.AspNetCore.Components.Web": "9.0.0",
          "Microsoft.Extensions.Logging.Abstractions": "9.0.0"
        }
      },
      "Blazorise.SpinKit": {
        "type": "Direct",
        "requested": "[1.7.2, )",
        "resolved": "1.7.2",
        "contentHash": "yAzvuZ358GQ3hsKtv12m3NZJeo0KjRCoSwNreDD6C8sf2GkpU/Wqcvtw1VdWI9L8AbZPh7i7DDylPt/V4m2xZw==",
        "dependencies": {
          "Blazorise": "1.7.2",
          "Microsoft.AspNetCore.Components": "9.0.0",
          "Microsoft.AspNetCore.Components.Web": "9.0.0",
          "Microsoft.Extensions.Logging.Abstractions": "9.0.0"
        }
      },
      "Blazorise.TreeView": {
        "type": "Direct",
        "requested": "[1.7.2, )",
        "resolved": "1.7.2",
        "contentHash": "+RrWJ/gz9N4VDB0NQDESTOka9cLqFmMdknP1sgfgvHQI/WLtakLMRUv6wdD/Gzjq19oQmtZLWbyrvxl5va1EoQ==",
        "dependencies": {
          "Blazorise": "1.7.2",
          "Microsoft.AspNetCore.Components": "9.0.0",
          "Microsoft.AspNetCore.Components.Web": "9.0.0",
          "Microsoft.Extensions.Logging.Abstractions": "9.0.0"
        }
      },
      "Newtonsoft.Json": {
        "type": "Direct",
        "requested": "[13.0.3, )",
        "resolved": "13.0.3",
        "contentHash": "HrC5BXdl00IP9zeV+0Z848QWPAoCr9P3bDEZguI+gkLcBKAOxix/tLEAAHC+UvDNPv4a2d18lOReHMOagPa+zQ=="
      },
      "Ben.Demystifier": {
        "type": "Transitive",
        "resolved": "0.4.1",
        "contentHash": "axFeEMfmEORy3ipAzOXG/lE+KcNptRbei3F0C4kQCdeiQtW+qJW90K5iIovITGrdLt8AjhNCwk5qLSX9/rFpoA==",
        "dependencies": {
          "System.Reflection.Metadata": "5.0.0"
        }
      },
      "Blazorise": {
        "type": "Transitive",
        "resolved": "1.7.2",
        "contentHash": "BiVww24IYbcPV2NKsKnSwuPz1KR9xsJuR76c2ZVpevIJTShN1Rj8cpeojdVGGz9ts1kH/ps6SoCjHb9I2Km7pg==",
        "dependencies": {
          "Blazorise.Licensing": "1.3.0",
          "Microsoft.AspNetCore.Components": "9.0.0",
          "Microsoft.AspNetCore.Components.Web": "9.0.0",
          "Microsoft.Extensions.Logging.Abstractions": "9.0.0"
        }
      },
      "Blazorise.Licensing": {
        "type": "Transitive",
        "resolved": "1.3.0",
        "contentHash": "NvQlbUgd6jY/ZfkJPlhHLaMVyvfp24OMehFV8Y6mrqLHqC0CfcoE+6+YP9FZMZKNAWmcNZ85WXmYFWVl0UXGfw=="
      },
      "Blazorise.Snackbar": {
        "type": "Transitive",
        "resolved": "1.7.2",
        "contentHash": "w3jbm0vn0JEdiIq26tJzULYpqpmGQzR4NoYIEpIHBIMtXiPUFVVDn46748KUllB8K0fo5Gv4uysM1G24T6Rs5g==",
        "dependencies": {
          "Blazorise": "1.7.2",
          "Microsoft.AspNetCore.Components": "9.0.0",
          "Microsoft.AspNetCore.Components.Web": "9.0.0",
          "Microsoft.Extensions.Logging.Abstractions": "9.0.0"
        }
      },
      "Microsoft.AspNetCore.Authorization": {
        "type": "Transitive",
        "resolved": "9.0.0",
        "contentHash": "qDJlBC5pUQ/3o6/C6Vuo9CGKtV5TAe5AdKeHvDR2bgmw8vwPxsAy3KG5eU0i1C+iAUNbmq+iDTbiKt16f9pRiA==",
        "dependencies": {
          "Microsoft.AspNetCore.Metadata": "9.0.0",
          "Microsoft.Extensions.Logging.Abstractions": "9.0.0",
          "Microsoft.Extensions.Options": "9.0.0"
        }
      },
      "Microsoft.AspNetCore.Components": {
        "type": "Transitive",
        "resolved": "9.0.0",
        "contentHash": "xKzY0LRqWrwuPVzKIF9k1kC21NrLmIE2qPhhKlInEAdYqNe8qcMoPWZy7fo1uScHkz5g73nTqDDra3+aAV7mTQ==",
        "dependencies": {
          "Microsoft.AspNetCore.Authorization": "9.0.0",
          "Microsoft.AspNetCore.Components.Analyzers": "9.0.0"
        }
      },
      "Microsoft.AspNetCore.Components.Analyzers": {
        "type": "Transitive",
        "resolved": "9.0.0",
        "contentHash": "maOE1qlJ9hf1Fb7PhFLw9bgP9mWckuDOcn1uKNt9/msdJG2YHl3cPRHojYa6CxliGHIXL8Da4qPgeUc4CaOoeg=="
      },
      "Microsoft.AspNetCore.Components.Forms": {
        "type": "Transitive",
        "resolved": "9.0.0",
        "contentHash": "orHGxDkbAa9syuaLVtZWOhNC8IddnCsDqpFaKjBj4zxe+B8cd6kcNf/t4Lv5hWBQ7mODiRCzEfKBnpU+GCHvbw==",
        "dependencies": {
          "Microsoft.AspNetCore.Components": "9.0.0"
        }
      },
      "Microsoft.AspNetCore.Components.Web": {
        "type": "Transitive",
        "resolved": "9.0.0",
        "contentHash": "ZfJwwV05T+268cnJsO6yfi9oXYLe3ATRAEk0VZgBMptA5HVsduIsnFLjhNOYT7+I8NolxDEx1CEW8yKe5xTb6Q==",
        "dependencies": {
          "Microsoft.AspNetCore.Components": "9.0.0",
          "Microsoft.AspNetCore.Components.Forms": "9.0.0",
          "Microsoft.Extensions.DependencyInjection": "9.0.0",
          "Microsoft.Extensions.Primitives": "9.0.0",
          "Microsoft.JSInterop": "9.0.0"
        }
      },
      "Microsoft.AspNetCore.Metadata": {
        "type": "Transitive",
        "resolved": "9.0.0",
        "contentHash": "X81C891nMuWgzNHyZ0C3s+blSDxRHzQHDFYQoOKtFvFuxGq3BbkLbc5CfiCqIzA/sWIfz6u8sGBgwntQwBJWBw=="
      },
      "Microsoft.Extensions.DependencyInjection": {
        "type": "Transitive",
        "resolved": "9.0.0",
        "contentHash": "MCPrg7v3QgNMr0vX4vzRXvkNGgLg8vKWX0nKCWUxu2uPyMsaRgiRc1tHBnbTcfJMhMKj2slE/j2M9oGkd25DNw==",
        "dependencies": {
          "Microsoft.Extensions.DependencyInjection.Abstractions": "9.0.0"
        }
      },
      "Microsoft.Extensions.DependencyInjection.Abstractions": {
        "type": "Transitive",
        "resolved": "9.0.0",
        "contentHash": "+6f2qv2a3dLwd5w6JanPIPs47CxRbnk+ZocMJUhv9NxP88VlOcJYZs9jY+MYSjxvady08bUZn6qgiNh7DadGgg=="
      },
      "Microsoft.Extensions.Logging.Abstractions": {
        "type": "Transitive",
        "resolved": "9.0.0",
        "contentHash": "g0UfujELzlLbHoVG8kPKVBaW470Ewi+jnptGS9KUi6jcb+k2StujtK3m26DFSGGwQ/+bVgZfsWqNzlP6YOejvw==",
        "dependencies": {
          "Microsoft.Extensions.DependencyInjection.Abstractions": "9.0.0"
        }
      },
      "Microsoft.Extensions.Options": {
        "type": "Transitive",
        "resolved": "9.0.0",
        "contentHash": "y2146b3jrPI3Q0lokKXdKLpmXqakYbDIPDV6r3M8SqvSf45WwOTzkyfDpxnZXJsJQEpAsAqjUq5Pu8RCJMjubg==",
        "dependencies": {
          "Microsoft.Extensions.DependencyInjection.Abstractions": "9.0.0",
          "Microsoft.Extensions.Primitives": "9.0.0"
        }
      },
      "Microsoft.Extensions.Primitives": {
        "type": "Transitive",
        "resolved": "9.0.0",
        "contentHash": "N3qEBzmLMYiASUlKxxFIISP4AiwuPTHF5uCh+2CWSwwzAJiIYx0kBJsS30cp1nvhSySFAVi30jecD307jV+8Kg=="
      },
      "Microsoft.JSInterop": {
        "type": "Transitive",
        "resolved": "9.0.0",
        "contentHash": "efQKxKUPe8OuH0hRiYsvBJkhhPzIYFNcr9+3wanQ7Bch/wr1JWNd90GYiPLtkSHepE1zMEoaLkAxi5N5/eyC4Q=="
      },
      "SixLabors.Fonts": {
        "type": "Transitive",
        "resolved": "2.1.3",
        "contentHash": "ORWbZ5BHrC/LZvo+Y09MnoJq5VUKD85LsYALk+YI7CHFra+m5arCkz00IntDM6SrAiB22bvSdKtKmuCyHOKlqg=="
      },
      "SixLabors.ImageSharp": {
        "type": "Transitive",
        "resolved": "3.1.12",
        "contentHash": "iAg6zifihXEFS/t7fiHhZBGAdCp3FavsF4i2ZIDp0JfeYeDVzvmlbY1CNhhIKimaIzrzSi5M/NBFcWvZT2rB/A=="
      },
      "SixLabors.ImageSharp.Drawing": {
        "type": "Transitive",
        "resolved": "2.1.7",
        "contentHash": "9KwCo9Fa350cx6ckpsy8NqXQZKwir4RQ8Kj0sdCmJA7wsK9FMyfgC527Sn4l/D6bj2ditSHlhS7dGzcgGszvSQ==",
        "dependencies": {
          "SixLabors.Fonts": "2.1.3",
          "SixLabors.ImageSharp": "3.1.11"
        }
      },
      "SkiaSharp": {
        "type": "Transitive",
        "resolved": "3.116.1",
        "contentHash": "DNDwbRjP+aMo27dV2h/uHCVTcWubWWxHnPLiePNyl24f4Pv43mQ8AQQeseOrKR+J3AOCEs6t0sUjo0aa3j3RWQ==",
        "dependencies": {
          "SkiaSharp.NativeAssets.Win32": "3.116.1",
          "SkiaSharp.NativeAssets.macOS": "3.116.1"
        }
      },
      "SkiaSharp.NativeAssets.macOS": {
        "type": "Transitive",
        "resolved": "3.116.1",
        "contentHash": "3KPvpKysDmEMt0NnAZPX5U6KFk0LmG/72/IjAIJemIksIZ0Tjs9pGpr3L+zboVCv1MLVoJLKl3nJDXUG6Jda6A=="
      },
      "SkiaSharp.NativeAssets.Win32": {
        "type": "Transitive",
        "resolved": "3.116.1",
        "contentHash": "dRQ75MCI8oz6zAs2Y1w6pq6ARs4MhdNG+gf3doOxOxdnueDXffQLGQIxON54GDoxc0WjKOoHMKBR4DhaduwwQw=="
      },
      "System.Reflection.Metadata": {
        "type": "Transitive",
        "resolved": "5.0.0",
        "contentHash": "5NecZgXktdGg34rh1OenY1rFNDCI8xSjFr+Z4OU4cU06AQHUdRnIIEeWENu3Wl4YowbzkymAIMvi3WyK9U53pQ=="
      },
      "gbtools.bootstrapper": {
        "type": "Project",
        "dependencies": {
          "GBTools.Common": "[1.0.0, )",
          "GBTools.Decoder": "[1.0.0, )",
          "GBTools.Graphics": "[1.0.0, )"
        }
      },
      "gbtools.common": {
        "type": "Project",
        "dependencies": {
          "Ben.Demystifier": "[0.4.1, )"
        }
      },
      "gbtools.decoder": {
        "type": "Project",
        "dependencies": {
          "GBTools.Common": "[1.0.0, )",
          "Newtonsoft.Json": "[13.0.3, )"
        }
      },
      "gbtools.graphics": {
        "type": "Project",
        "dependencies": {
          "GBTools.Common": "[1.0.0, )",
          "SixLabors.ImageSharp": "[3.1.12, )",
          "SixLabors.ImageSharp.Drawing": "[2.1.7, )",
          "SkiaSharp": "[3.116.1, )"
        }
      }
    }
  }
}