{
  "version": 1,
  "dependencies": {
    "net8.0": {
      "Ben.Demystifier": {
        "type": "Direct",
        "requested": "[0.4.1, )",
        "resolved": "0.4.1",
        "contentHash": "axFeEMfmEORy3ipAzOXG/lE+KcNptRbei3F0C4kQCdeiQtW+qJW90K5iIovITGrdLt8AjhNCwk5qLSX9/rFpoA==",
        "dependencies": {
          "System.Reflection.Metadata": "5.0.0"
        }
      },
      "System.Reflection.Metadata": {
        "type": "Transitive",
        "resolved": "5.0.0",
        "contentHash": "5NecZgXktdGg34rh1OenY1rFNDCI8xSjFr+Z4OU4cU06AQHUdRnIIEeWENu3Wl4YowbzkymAIMvi3WyK9U53pQ=="
      }
    }
  }
}