{
  "version": 1,
  "dependencies": {
    "net10.0": {
      "Microsoft.Extensions.DependencyInjection.Abstractions": {
        "type": "Transitive",
        "resolved": "10.0.0",
        "contentHash": "L3AdmZ1WOK4XXT5YFPEwyt0ep6l8lGIPs7F5OOBZc77Zqeo01Of7XXICy47628sdVl0v/owxYJTe86DTgFwKCA=="
      },
      "Microsoft.Extensions.Logging.Abstractions": {
        "type": "Transitive",
        "resolved": "10.0.0",
        "contentHash": "FU/IfjDfwaMuKr414SSQNTIti/69bHEMb+QKrskRb26oVqpx3lNFXMjs/RC9ZUuhBhcwDM2BwOgoMw+PZ+beqQ==",
        "dependencies": {
          "Microsoft.Extensions.DependencyInjection.Abstractions": "10.0.0"
        }
      },
      "RJCP.Core.Environment": {
        "type": "Transitive",
        "resolved": "0.3.1",
        "contentHash": "/pcfOmN0EI/ob1w1XMYHwLxSbgL4yWyx7c1rhCPnR3VzTXv/NEoSbrYiovvPcyk/d7EKmysiDOU3fEJ9c02kOw=="
      },
      "RJCP.Core.SysCompat": {
        "type": "Transitive",
        "resolved": "0.2.1",
        "contentHash": "WL4DAC8HxrxQU9Xh5Zqub7yr51rfbbJdr6piIal/3nul/mExQHmznX3grbikf8h8LI8evCdKbxwAMEnpbc0GDg=="
      },
      "RJCP.Diagnostics.Trace": {
        "type": "Transitive",
        "resolved": "0.2.2",
        "contentHash": "n/zIpVOBUQww1EKbt3qohuI+Mrkrf6Yk6A0GgBIqBvzefR2eefwGvimAarxG4BRWjNW3pN/TYkF4vCy6/9ysfQ==",
        "dependencies": {
          "Microsoft.Extensions.Logging.Abstractions": "10.0.0",
          "RJCP.Core.SysCompat": "0.2.1"
        }
      },
      "RJCP.IO.Buffer": {
        "type": "Transitive",
        "resolved": "0.2.3",
        "contentHash": "oICAG1EamSua+Uxfe5QBB+OI57KwAYTmn9NqFnX8FxKx4PUYcr3OyOiK0SRLGOvco+sDMZmpEOQE2PIaDmdO2g==",
        "dependencies": {
          "RJCP.Core.SysCompat": "0.2.1"
        }
      },
      "RJCP.IO.Device": {
        "type": "Transitive",
        "resolved": "0.8.4",
        "contentHash": "SXX9vwzFCU59s1CJLJLnYa6hp8O+wlrQXFZKAPNkS67zkaMo7lrgn76o8+wusLDZonQFhr8MPV8Oex2OKIpCww==",
        "dependencies": {
          "Microsoft.Extensions.Logging.Abstractions": "10.0.0",
          "RJCP.Core.Environment": "0.3.1",
          "RJCP.Diagnostics.Trace": "0.2.2"
        }
      },
      "RJCP.SerialPortStream": {
        "type": "Transitive",
        "resolved": "3.0.5",
        "contentHash": "w0JDK0MQMwgvmegjj9HbUX5SfniGCfoCXjSvNUyS6cONSQg8bNsoV49La8QrVWNvaIGRAlFZRAGNoicl9USouQ==",
        "dependencies": {
          "Microsoft.Extensions.Logging.Abstractions": "10.0.0",
          "RJCP.Core.SysCompat": "0.2.1",
          "RJCP.Diagnostics.Trace": "0.2.2",
          "RJCP.IO.Buffer": "0.2.3",
          "RJCP.IO.Device": "0.8.4"
        }
      },
      "runtime.linux-arm.runtime.native.System.IO.Ports": {
        "type": "Transitive",
        "resolved": "8.0.0",
        "contentHash": "gK720fg6HemDg8sXcfy+xCMZ9+hF78Gc7BmREbmkS4noqlu1BAr9qZtuWGhLzFjBfgecmdtl4+SYVwJ1VneZBQ=="
      },
      "runtime.linux-arm64.runtime.native.System.IO.Ports": {
        "type": "Transitive",
        "resolved": "8.0.0",
        "contentHash": "KYG6/3ojhEWbb3FwQAKgGWPHrY+HKUXXdVjJlrtyCLn3EMcNTaNcPadb2c0ndQzixZSmAxZKopXJr0nLwhOrpQ=="
      },
      "runtime.linux-x64.runtime.native.System.IO.Ports": {
        "type": "Transitive",
        "resolved": "8.0.0",
        "contentHash": "Wnw5vhA4mgGbIFoo6l9Fk3iEcwRSq49a1aKwJgXUCUtEQLCSUDjTGSxqy/oMUuOyyn7uLHsH8KgZzQ1y3lReiQ=="
      },
      "runtime.native.System.IO.Ports": {
        "type": "Transitive",
        "resolved": "8.0.0",
        "contentHash": "Ee7Sz5llLpTgyKIWzKI/GeuRSbFkOABgJRY00SqTY0OkTYtkB+9l5rFZfE7fxPA3c22RfytCBYkUdAkcmwMjQg==",
        "dependencies": {
          "runtime.linux-arm.runtime.native.System.IO.Ports": "8.0.0",
          "runtime.linux-arm64.runtime.native.System.IO.Ports": "8.0.0",
          "runtime.linux-x64.runtime.native.System.IO.Ports": "8.0.0",
          "runtime.osx-arm64.runtime.native.System.IO.Ports": "8.0.0",
          "runtime.osx-x64.runtime.native.System.IO.Ports": "8.0.0"
        }
      },
      "runtime.osx-arm64.runtime.native.System.IO.Ports": {
        "type": "Transitive",
        "resolved": "8.0.0",
        "contentHash": "rbUBLAaFW9oVkbsb0+XSrAo2QdhBeAyzLl5KQ6Oci9L/u626uXGKInsVJG6B9Z5EO8bmplC8tsMiaHK8wOBZ+w=="
      },
      "runtime.osx-x64.runtime.native.System.IO.Ports": {
        "type": "Transitive",
        "resolved": "8.0.0",
        "contentHash": "IcfB4jKtM9pkzP9OpYelEcUX1MiDt0IJPBh3XYYdEISFF+6Mc+T8WWi0dr9wVh1gtcdVjubVEIBgB8BHESlGfQ=="
      },
      "System.CodeDom": {
        "type": "Transitive",
        "resolved": "8.0.0",
        "contentHash": "WTlRjL6KWIMr/pAaq3rYqh0TJlzpouaQ/W1eelssHgtlwHAH25jXTkUphTYx9HaIIf7XA6qs/0+YhtLEQRkJ+Q=="
      },
      "System.IO.Ports": {
        "type": "Transitive",
        "resolved": "8.0.0",
        "contentHash": "MaiPbx2/QXZc62gm/DrajRrGPG1lU4m08GWMoWiymPYM+ba4kfACp2PbiYpqJ4QiFGhHD00zX3RoVDTucjWe9g==",
        "dependencies": {
          "runtime.native.System.IO.Ports": "8.0.0"
        }
      },
      "System.Management": {
        "type": "Transitive",
        "resolved": "8.0.0",
        "contentHash": "jrK22i5LRzxZCfGb+tGmke2VH7oE0DvcDlJ1HAKYU8cPmD8XnpUT0bYn2Gy98GEhGjtfbR/sxKTVb+dE770pfA==",
        "dependencies": {
          "System.CodeDom": "8.0.0"
        }
      },
      "gbtools.gbxcart.serial": {
        "type": "Project",
        "dependencies": {
          "RJCP.SerialPortStream": "[3.0.5, )",
          "System.IO.Ports": "[8.0.0, )",
          "System.Management": "[8.0.0, )"
        }
      }
    }
  }
}